
Microsoft Visual Studio Solution File, Format Version 12.00
# Visual Studio Version 16
VisualStudioVersion = 16.0.29318.209
MinimumVisualStudioVersion = 10.0.40219.1
Project("{FAE04EC0-301F-11D3-BF4B-00C04F79EFBC}") = "OnlineShop", "OnlineShop\OnlineShop.csproj", "{D4EA81C8-25BA-47ED-8295-8415F158DEDD}"
EndProject
Global
	GlobalSection(SolutionConfigurationPlatforms) = preSolution
		Debug|Any CPU = Debug|Any CPU
		Release|Any CPU = Release|Any CPU
	EndGlobalSection
	GlobalSection(ProjectConfigurationPlatforms) = postSolution
		{D4EA81C8-25BA-47ED-8295-8415F158DEDD}.Debug|Any CPU.ActiveCfg = Debug|Any CPU
		{D4EA81C8-25BA-47ED-8295-8415F158DEDD}.Debug|Any CPU.Build.0 = Debug|Any CPU
		{D4EA81C8-25BA-47ED-8295-8415F158DEDD}.Release|Any CPU.ActiveCfg = Release|Any CPU
		{D4EA81C8-25BA-47ED-8295-8415F158DEDD}.Release|Any CPU.Build.0 = Release|Any CPU
	EndGlobalSection
	GlobalSection(SolutionProperties) = preSolution
		HideSolutionNode = FALSE
	EndGlobalSection
	GlobalSection(ExtensibilityGlobals) = postSolution
		SolutionGuid = {06B6FF9F-20E6-4B05-BB71-39B5759F6645}
	EndGlobalSection
EndGlobal
